
Microsoft Visual Studio Solution File, Format Version 12.00
# Visual Studio Version 17
VisualStudioVersion = 17.4.33213.308
MinimumVisualStudioVersion = 10.0.40219.1
Project("{FAE04EC0-301F-11D3-BF4B-00C04F79EFBC}") = "Applied Arithmetic", "Applied Arithmetic\Applied Arithmetic.csproj", "{0BFAA474-A639-4907-BE69-D6068693F45B}"
EndProject
Global
	GlobalSection(SolutionConfigurationPlatforms) = preSolution
		Debug|Any CPU = Debug|Any CPU
		Release|Any CPU = Release|Any CPU
	EndGlobalSection
	GlobalSection(ProjectConfigurationPlatforms) = postSolution
		{0BFAA474-A639-4907-BE69-D6068693F45B}.Debug|Any CPU.ActiveCfg = Debug|Any CPU
		{0BFAA474-A639-4907-BE69-D6068693F45B}.Debug|Any CPU.Build.0 = Debug|Any CPU
		{0BFAA474-A639-4907-BE69-D6068693F45B}.Release|Any CPU.ActiveCfg = Release|Any CPU
		{0BFAA474-A639-4907-BE69-D6068693F45B}.Release|Any CPU.Build.0 = Release|Any CPU
	EndGlobalSection
	GlobalSection(SolutionProperties) = preSolution
		HideSolutionNode = FALSE
	EndGlobalSection
	GlobalSection(ExtensibilityGlobals) = postSolution
		SolutionGuid = {FF823255-13FF-49C1-8D4D-9A59289C2167}
	EndGlobalSection
EndGlobal
