
Microsoft Visual Studio Solution File, Format Version 12.00
# Visual Studio Version 17
VisualStudioVersion = 17.4.33213.308
MinimumVisualStudioVersion = 10.0.40219.1
Project("{FAE04EC0-301F-11D3-BF4B-00C04F79EFBC}") = "List of Predicates", "List of Predicates\List of Predicates.csproj", "{26CDB9FD-EA61-4595-AFB4-7EA35075373C}"
EndProject
Global
	GlobalSection(SolutionConfigurationPlatforms) = preSolution
		Debug|Any CPU = Debug|Any CPU
		Release|Any CPU = Release|Any CPU
	EndGlobalSection
	GlobalSection(ProjectConfigurationPlatforms) = postSolution
		{26CDB9FD-EA61-4595-AFB4-7EA35075373C}.Debug|Any CPU.ActiveCfg = Debug|Any CPU
		{26CDB9FD-EA61-4595-AFB4-7EA35075373C}.Debug|Any CPU.Build.0 = Debug|Any CPU
		{26CDB9FD-EA61-4595-AFB4-7EA35075373C}.Release|Any CPU.ActiveCfg = Release|Any CPU
		{26CDB9FD-EA61-4595-AFB4-7EA35075373C}.Release|Any CPU.Build.0 = Release|Any CPU
	EndGlobalSection
	GlobalSection(SolutionProperties) = preSolution
		HideSolutionNode = FALSE
	EndGlobalSection
	GlobalSection(ExtensibilityGlobals) = postSolution
		SolutionGuid = {7A0BA9BF-FCFE-471D-85C1-2BE139EE42F4}
	EndGlobalSection
EndGlobal
